// !$*UTF8*$!
{
	archiveVersion = 1;
	classes = {
	};
	objectVersion = 56;
	objects = {

/* Begin PBXBuildFile section */
		BE3FDE162CA28C4E00B9FF81 /* FlickerApp.swift in Sources */ = {isa = PBXBuildFile; fileRef = BE3FDE152CA28C4E00B9FF81 /* FlickerApp.swift */; };
		BE3FDE182CA28C4E00B9FF81 /* ContentView.swift in Sources */ = {isa = PBXBuildFile; fileRef = BE3FDE172CA28C4E00B9FF81 /* ContentView.swift */; };
		BE3FDE1A2CA28C4F00B9FF81 /* Assets.xcassets in Resources */ = {isa = PBXBuildFile; fileRef = BE3FDE192CA28C4F00B9FF81 /* Assets.xcassets */; };
		BE3FDE1D2CA28C4F00B9FF81 /* Preview Assets.xcassets in Resources */ = {isa = PBXBuildFile; fileRef = BE3FDE1C2CA28C4F00B9FF81 /* Preview Assets.xcassets */; };
		BE3FDE272CA28C5000B9FF81 /* FlickrViewModelTests.swift in Sources */ = {isa = PBXBuildFile; fileRef = BE3FDE262CA28C5000B9FF81 /* FlickrViewModelTests.swift */; };
		BE3FDE312CA28C5000B9FF81 /* FlickerUITests.swift in Sources */ = {isa = PBXBuildFile; fileRef = BE3FDE302CA28C5000B9FF81 /* FlickerUITests.swift */; };
		BE3FDE332CA28C5000B9FF81 /* FlickerUITestsLaunchTests.swift in Sources */ = {isa = PBXBuildFile; fileRef = BE3FDE322CA28C5000B9FF81 /* FlickerUITestsLaunchTests.swift */; };
		BE3FDE402CA28D2E00B9FF81 /* FlickrSearchView.swift in Sources */ = {isa = PBXBuildFile; fileRef = BE3FDE3F2CA28D2E00B9FF81 /* FlickrSearchView.swift */; };
		BE3FDE422CA28D4E00B9FF81 /* FlickrDetailView.swift in Sources */ = {isa = PBXBuildFile; fileRef = BE3FDE412CA28D4E00B9FF81 /* FlickrDetailView.swift */; };
		BE3FDE442CA28D9C00B9FF81 /* FlickerImageDataModel.swift in Sources */ = {isa = PBXBuildFile; fileRef = BE3FDE432CA28D9C00B9FF81 /* FlickerImageDataModel.swift */; };
		BE3FDE462CA28DBE00B9FF81 /* FlickrViewModel.swift in Sources */ = {isa = PBXBuildFile; fileRef = BE3FDE452CA28DBE00B9FF81 /* FlickrViewModel.swift */; };
/* End PBXBuildFile section */

/* Begin PBXContainerItemProxy section */
		BE3FDE232CA28C5000B9FF81 /* PBXContainerItemProxy */ = {
			isa = PBXContainerItemProxy;
			containerPortal = BE3FDE0A2CA28C4E00B9FF81 /* Project object */;
			proxyType = 1;
			remoteGlobalIDString = BE3FDE112CA28C4E00B9FF81;
			remoteInfo = Flicker;
		};
		BE3FDE2D2CA28C5000B9FF81 /* PBXContainerItemProxy */ = {
			isa = PBXContainerItemProxy;
			containerPortal = BE3FDE0A2CA28C4E00B9FF81 /* Project object */;
			proxyType = 1;
			remoteGlobalIDString = BE3FDE112CA28C4E00B9FF81;
			remoteInfo = Flicker;
		};
/* End PBXContainerItemProxy section */

/* Begin PBXFileReference section */
		BE3FDE122CA28C4E00B9FF81 /* Flicker.app */ = {isa = PBXFileReference; explicitFileType = wrapper.application; includeInIndex = 0; path = Flicker.app; sourceTree = BUILT_PRODUCTS_DIR; };
		BE3FDE152CA28C4E00B9FF81 /* FlickerApp.swift */ = {isa = PBXFileReference; lastKnownFileType = sourcecode.swift; path = FlickerApp.swift; sourceTree = "<group>"; };
		BE3FDE172CA28C4E00B9FF81 /* ContentView.swift */ = {isa = PBXFileReference; lastKnownFileType = sourcecode.swift; path = ContentView.swift; sourceTree = "<group>"; };
		BE3FDE192CA28C4F00B9FF81 /* Assets.xcassets */ = {isa = PBXFileReference; lastKnownFileType = folder.assetcatalog; path = Assets.xcassets; sourceTree = "<group>"; };
		BE3FDE1C2CA28C4F00B9FF81 /* Preview Assets.xcassets */ = {isa = PBXFileReference; lastKnownFileType = folder.assetcatalog; path = "Preview Assets.xcassets"; sourceTree = "<group>"; };
		BE3FDE222CA28C5000B9FF81 /* FlickerTests.xctest */ = {isa = PBXFileReference; explicitFileType = wrapper.cfbundle; includeInIndex = 0; path = FlickerTests.xctest; sourceTree = BUILT_PRODUCTS_DIR; };
		BE3FDE262CA28C5000B9FF81 /* FlickrViewModelTests.swift */ = {isa = PBXFileReference; lastKnownFileType = sourcecode.swift; path = FlickrViewModelTests.swift; sourceTree = "<group>"; };
		BE3FDE2C2CA28C5000B9FF81 /* FlickerUITests.xctest */ = {isa = PBXFileReference; explicitFileType = wrapper.cfbundle; includeInIndex = 0; path = FlickerUITests.xctest; sourceTree = BUILT_PRODUCTS_DIR; };
		BE3FDE302CA28C5000B9FF81 /* FlickerUITests.swift */ = {isa = PBXFileReference; lastKnownFileType = sourcecode.swift; path = FlickerUITests.swift; sourceTree = "<group>"; };
		BE3FDE322CA28C5000B9FF81 /* FlickerUITestsLaunchTests.swift */ = {isa = PBXFileReference; lastKnownFileType = sourcecode.swift; path = FlickerUITestsLaunchTests.swift; sourceTree = "<group>"; };
		BE3FDE3F2CA28D2E00B9FF81 /* FlickrSearchView.swift */ = {isa = PBXFileReference; lastKnownFileType = sourcecode.swift; path = FlickrSearchView.swift; sourceTree = "<group>"; };
		BE3FDE412CA28D4E00B9FF81 /* FlickrDetailView.swift */ = {isa = PBXFileReference; lastKnownFileType = sourcecode.swift; path = FlickrDetailView.swift; sourceTree = "<group>"; };
		BE3FDE432CA28D9C00B9FF81 /* FlickerImageDataModel.swift */ = {isa = PBXFileReference; lastKnownFileType = sourcecode.swift; path = FlickerImageDataModel.swift; sourceTree = "<group>"; };
		BE3FDE452CA28DBE00B9FF81 /* FlickrViewModel.swift */ = {isa = PBXFileReference; lastKnownFileType = sourcecode.swift; path = FlickrViewModel.swift; sourceTree = "<group>"; };
/* End PBXFileReference section */

/* Begin PBXFrameworksBuildPhase section */
		BE3FDE0F2CA28C4E00B9FF81 /* Frameworks */ = {
			isa = PBXFrameworksBuildPhase;
			buildActionMask = 2147483647;
			files = (
			);
			runOnlyForDeploymentPostprocessing = 0;
		};
		BE3FDE1F2CA28C5000B9FF81 /* Frameworks */ = {
			isa = PBXFrameworksBuildPhase;
			buildActionMask = 2147483647;
			files = (
			);
			runOnlyForDeploymentPostprocessing = 0;
		};
		BE3FDE292CA28C5000B9FF81 /* Frameworks */ = {
			isa = PBXFrameworksBuildPhase;
			buildActionMask = 2147483647;
			files = (
			);
			runOnlyForDeploymentPostprocessing = 0;
		};
/* End PBXFrameworksBuildPhase section */

/* Begin PBXGroup section */
		BE3FDE092CA28C4E00B9FF81 = {
			isa = PBXGroup;
			children = (
				BE3FDE142CA28C4E00B9FF81 /* Flicker */,
				BE3FDE252CA28C5000B9FF81 /* FlickerTests */,
				BE3FDE2F2CA28C5000B9FF81 /* FlickerUITests */,
				BE3FDE132CA28C4E00B9FF81 /* Products */,
			);
			sourceTree = "<group>";
		};
		BE3FDE132CA28C4E00B9FF81 /* Products */ = {
			isa = PBXGroup;
			children = (
				BE3FDE122CA28C4E00B9FF81 /* Flicker.app */,
				BE3FDE222CA28C5000B9FF81 /* FlickerTests.xctest */,
				BE3FDE2C2CA28C5000B9FF81 /* FlickerUITests.xctest */,
			);
			name = Products;
			sourceTree = "<group>";
		};
		BE3FDE142CA28C4E00B9FF81 /* Flicker */ = {
			isa = PBXGroup;
			children = (
				BE3FDE472CA2982F00B9FF81 /* Model */,
				BE3FDE482CA2984600B9FF81 /* View */,
				BE3FDE492CA2987800B9FF81 /* ViewModel */,
				BE3FDE192CA28C4F00B9FF81 /* Assets.xcassets */,
				BE3FDE1B2CA28C4F00B9FF81 /* Preview Content */,
			);
			path = Flicker;
			sourceTree = "<group>";
		};
		BE3FDE1B2CA28C4F00B9FF81 /* Preview Content */ = {
			isa = PBXGroup;
			children = (
				BE3FDE1C2CA28C4F00B9FF81 /* Preview Assets.xcassets */,
			);
			path = "Preview Content";
			sourceTree = "<group>";
		};
		BE3FDE252CA28C5000B9FF81 /* FlickerTests */ = {
			isa = PBXGroup;
			children = (
				BE3FDE262CA28C5000B9FF81 /* FlickrViewModelTests.swift */,
			);
			path = FlickerTests;
			sourceTree = "<group>";
		};
		BE3FDE2F2CA28C5000B9FF81 /* FlickerUITests */ = {
			isa = PBXGroup;
			children = (
				BE3FDE302CA28C5000B9FF81 /* FlickerUITests.swift */,
				BE3FDE322CA28C5000B9FF81 /* FlickerUITestsLaunchTests.swift */,
			);
			path = FlickerUITests;
			sourceTree = "<group>";
		};
		BE3FDE472CA2982F00B9FF81 /* Model */ = {
			isa = PBXGroup;
			children = (
				BE3FDE432CA28D9C00B9FF81 /* FlickerImageDataModel.swift */,
			);
			path = Model;
			sourceTree = "<group>";
		};
		BE3FDE482CA2984600B9FF81 /* View */ = {
			isa = PBXGroup;
			children = (
				BE3FDE152CA28C4E00B9FF81 /* FlickerApp.swift */,
				BE3FDE172CA28C4E00B9FF81 /* ContentView.swift */,
				BE3FDE3F2CA28D2E00B9FF81 /* FlickrSearchView.swift */,
				BE3FDE412CA28D4E00B9FF81 /* FlickrDetailView.swift */,
			);
			path = View;
			sourceTree = "<group>";
		};
		BE3FDE492CA2987800B9FF81 /* ViewModel */ = {
			isa = PBXGroup;
			children = (
				BE3FDE452CA28DBE00B9FF81 /* FlickrViewModel.swift */,
			);
			path = ViewModel;
			sourceTree = "<group>";
		};
/* End PBXGroup section */

/* Begin PBXNativeTarget section */
		BE3FDE112CA28C4E00B9FF81 /* Flicker */ = {
			isa = PBXNativeTarget;
			buildConfigurationList = BE3FDE362CA28C5000B9FF81 /* Build configuration list for PBXNativeTarget "Flicker" */;
			buildPhases = (
				BE3FDE0E2CA28C4E00B9FF81 /* Sources */,
				BE3FDE0F2CA28C4E00B9FF81 /* Frameworks */,
				BE3FDE102CA28C4E00B9FF81 /* Resources */,
			);
			buildRules = (
			);
			dependencies = (
			);
			name = Flicker;
			productName = Flicker;
			productReference = BE3FDE122CA28C4E00B9FF81 /* Flicker.app */;
			productType = "com.apple.product-type.application";
		};
		BE3FDE212CA28C5000B9FF81 /* FlickerTests */ = {
			isa = PBXNativeTarget;
			buildConfigurationList = BE3FDE392CA28C5000B9FF81 /* Build configuration list for PBXNativeTarget "FlickerTests" */;
			buildPhases = (
				BE3FDE1E2CA28C5000B9FF81 /* Sources */,
				BE3FDE1F2CA28C5000B9FF81 /* Frameworks */,
				BE3FDE202CA28C5000B9FF81 /* Resources */,
			);
			buildRules = (
			);
			dependencies = (
				BE3FDE242CA28C5000B9FF81 /* PBXTargetDependency */,
			);
			name = FlickerTests;
			productName = FlickerTests;
			productReference = BE3FDE222CA28C5000B9FF81 /* FlickerTests.xctest */;
			productType = "com.apple.product-type.bundle.unit-test";
		};
		BE3FDE2B2CA28C5000B9FF81 /* FlickerUITests */ = {
			isa = PBXNativeTarget;
			buildConfigurationList = BE3FDE3C2CA28C5000B9FF81 /* Build configuration list for PBXNativeTarget "FlickerUITests" */;
			buildPhases = (
				BE3FDE282CA28C5000B9FF81 /* Sources */,
				BE3FDE292CA28C5000B9FF81 /* Frameworks */,
				BE3FDE2A2CA28C5000B9FF81 /* Resources */,
			);
			buildRules = (
			);
			dependencies = (
				BE3FDE2E2CA28C5000B9FF81 /* PBXTargetDependency */,
			);
			name = FlickerUITests;
			productName = FlickerUITests;
			productReference = BE3FDE2C2CA28C5000B9FF81 /* FlickerUITests.xctest */;
			productType = "com.apple.product-type.bundle.ui-testing";
		};
/* End PBXNativeTarget section */

/* Begin PBXProject section */
		BE3FDE0A2CA28C4E00B9FF81 /* Project object */ = {
			isa = PBXProject;
			attributes = {
				BuildIndependentTargetsInParallel = 1;
				LastSwiftUpdateCheck = 1540;
				LastUpgradeCheck = 1540;
				TargetAttributes = {
					BE3FDE112CA28C4E00B9FF81 = {
						CreatedOnToolsVersion = 15.4;
					};
					BE3FDE212CA28C5000B9FF81 = {
						CreatedOnToolsVersion = 15.4;
						TestTargetID = BE3FDE112CA28C4E00B9FF81;
					};
					BE3FDE2B2CA28C5000B9FF81 = {
						CreatedOnToolsVersion = 15.4;
						TestTargetID = BE3FDE112CA28C4E00B9FF81;
					};
				};
			};
			buildConfigurationList = BE3FDE0D2CA28C4E00B9FF81 /* Build configuration list for PBXProject "Flicker" */;
			compatibilityVersion = "Xcode 14.0";
			developmentRegion = en;
			hasScannedForEncodings = 0;
			knownRegions = (
				en,
				Base,
			);
			mainGroup = BE3FDE092CA28C4E00B9FF81;
			productRefGroup = BE3FDE132CA28C4E00B9FF81 /* Products */;
			projectDirPath = "";
			projectRoot = "";
			targets = (
				BE3FDE112CA28C4E00B9FF81 /* Flicker */,
				BE3FDE212CA28C5000B9FF81 /* FlickerTests */,
				BE3FDE2B2CA28C5000B9FF81 /* FlickerUITests */,
			);
		};
/* End PBXProject section */

/* Begin PBXResourcesBuildPhase section */
		BE3FDE102CA28C4E00B9FF81 /* Resources */ = {
			isa = PBXResourcesBuildPhase;
			buildActionMask = 2147483647;
			files = (
				BE3FDE1D2CA28C4F00B9FF81 /* Preview Assets.xcassets in Resources */,
				BE3FDE1A2CA28C4F00B9FF81 /* Assets.xcassets in Resources */,
			);
			runOnlyForDeploymentPostprocessing = 0;
		};
		BE3FDE202CA28C5000B9FF81 /* Resources */ = {
			isa = PBXResourcesBuildPhase;
			buildActionMask = 2147483647;
			files = (
			);
			runOnlyForDeploymentPostprocessing = 0;
		};
		BE3FDE2A2CA28C5000B9FF81 /* Resources */ = {
			isa = PBXResourcesBuildPhase;
			buildActionMask = 2147483647;
			files = (
			);
			runOnlyForDeploymentPostprocessing = 0;
		};
/* End PBXResourcesBuildPhase section */

/* Begin PBXSourcesBuildPhase section */
		BE3FDE0E2CA28C4E00B9FF81 /* Sources */ = {
			isa = PBXSourcesBuildPhase;
			buildActionMask = 2147483647;
			files = (
				BE3FDE182CA28C4E00B9FF81 /* ContentView.swift in Sources */,
				BE3FDE462CA28DBE00B9FF81 /* FlickrViewModel.swift in Sources */,
				BE3FDE402CA28D2E00B9FF81 /* FlickrSearchView.swift in Sources */,
				BE3FDE422CA28D4E00B9FF81 /* FlickrDetailView.swift in Sources */,
				BE3FDE442CA28D9C00B9FF81 /* FlickerImageDataModel.swift in Sources */,
				BE3FDE162CA28C4E00B9FF81 /* FlickerApp.swift in Sources */,
			);
			runOnlyForDeploymentPostprocessing = 0;
		};
		BE3FDE1E2CA28C5000B9FF81 /* Sources */ = {
			isa = PBXSourcesBuildPhase;
			buildActionMask = 2147483647;
			files = (
				BE3FDE272CA28C5000B9FF81 /* FlickrViewModelTests.swift in Sources */,
			);
			runOnlyForDeploymentPostprocessing = 0;
		};
		BE3FDE282CA28C5000B9FF81 /* Sources */ = {
			isa = PBXSourcesBuildPhase;
			buildActionMask = 2147483647;
			files = (
				BE3FDE312CA28C5000B9FF81 /* FlickerUITests.swift in Sources */,
				BE3FDE332CA28C5000B9FF81 /* FlickerUITestsLaunchTests.swift in Sources */,
			);
			runOnlyForDeploymentPostprocessing = 0;
		};
/* End PBXSourcesBuildPhase section */

/* Begin PBXTargetDependency section */
		BE3FDE242CA28C5000B9FF81 /* PBXTargetDependency */ = {
			isa = PBXTargetDependency;
			target = BE3FDE112CA28C4E00B9FF81 /* Flicker */;
			targetProxy = BE3FDE232CA28C5000B9FF81 /* PBXContainerItemProxy */;
		};
		BE3FDE2E2CA28C5000B9FF81 /* PBXTargetDependency */ = {
			isa = PBXTargetDependency;
			target = BE3FDE112CA28C4E00B9FF81 /* Flicker */;
			targetProxy = BE3FDE2D2CA28C5000B9FF81 /* PBXContainerItemProxy */;
		};
/* End PBXTargetDependency section */

/* Begin XCBuildConfiguration section */
		BE3FDE342CA28C5000B9FF81 /* Debug */ = {
			isa = XCBuildConfiguration;
			buildSettings = {
				ALWAYS_SEARCH_USER_PATHS = NO;
				ASSETCATALOG_COMPILER_GENERATE_SWIFT_ASSET_SYMBOL_EXTENSIONS = YES;
				CLANG_ANALYZER_NONNULL = YES;
				CLANG_ANALYZER_NUMBER_OBJECT_CONVERSION = YES_AGGRESSIVE;
				CLANG_CXX_LANGUAGE_STANDARD = "gnu++20";
				CLANG_ENABLE_MODULES = YES;
				CLANG_ENABLE_OBJC_ARC = YES;
				CLANG_ENABLE_OBJC_WEAK = YES;
				CLANG_WARN_BLOCK_CAPTURE_AUTORELEASING = YES;
				CLANG_WARN_BOOL_CONVERSION = YES;
				CLANG_WARN_COMMA = YES;
				CLANG_WARN_CONSTANT_CONVERSION = YES;
				CLANG_WARN_DEPRECATED_OBJC_IMPLEMENTATIONS = YES;
				CLANG_WARN_DIRECT_OBJC_ISA_USAGE = YES_ERROR;
				CLANG_WARN_DOCUMENTATION_COMMENTS = YES;
				CLANG_WARN_EMPTY_BODY = YES;
				CLANG_WARN_ENUM_CONVERSION = YES;
				CLANG_WARN_INFINITE_RECURSION = YES;
				CLANG_WARN_INT_CONVERSION = YES;
				CLANG_WARN_NON_LITERAL_NULL_CONVERSION = YES;
				CLANG_WARN_OBJC_IMPLICIT_RETAIN_SELF = YES;
				CLANG_WARN_OBJC_LITERAL_CONVERSION = YES;
				CLANG_WARN_OBJC_ROOT_CLASS = YES_ERROR;
				CLANG_WARN_QUOTED_INCLUDE_IN_FRAMEWORK_HEADER = YES;
				CLANG_WARN_RANGE_LOOP_ANALYSIS = YES;
				CLANG_WARN_STRICT_PROTOTYPES = YES;
				CLANG_WARN_SUSPICIOUS_MOVE = YES;
				CLANG_WARN_UNGUARDED_AVAILABILITY = YES_AGGRESSIVE;
				CLANG_WARN_UNREACHABLE_CODE = YES;
				CLANG_WARN__DUPLICATE_METHOD_MATCH = YES;
				COPY_PHASE_STRIP = NO;
				DEBUG_INFORMATION_FORMAT = dwarf;
				ENABLE_STRICT_OBJC_MSGSEND = YES;
				ENABLE_TESTABILITY = YES;
				ENABLE_USER_SCRIPT_SANDBOXING = YES;
				GCC_C_LANGUAGE_STANDARD = gnu17;
				GCC_DYNAMIC_NO_PIC = NO;
				GCC_NO_COMMON_BLOCKS = YES;
				GCC_OPTIMIZATION_LEVEL = 0;
				GCC_PREPROCESSOR_DEFINITIONS = (
					"DEBUG=1",
					"$(inherited)",
				);
				GCC_WARN_64_TO_32_BIT_CONVERSION = YES;
				GCC_WARN_ABOUT_RETURN_TYPE = YES_ERROR;
				GCC_WARN_UNDECLARED_SELECTOR = YES;
				GCC_WARN_UNINITIALIZED_AUTOS = YES_AGGRESSIVE;
				GCC_WARN_UNUSED_FUNCTION = YES;
				GCC_WARN_UNUSED_VARIABLE = YES;
				IPHONEOS_DEPLOYMENT_TARGET = 17.5;
				LOCALIZATION_PREFERS_STRING_CATALOGS = YES;
				MTL_ENABLE_DEBUG_INFO = INCLUDE_SOURCE;
				MTL_FAST_MATH = YES;
				ONLY_ACTIVE_ARCH = YES;
				SDKROOT = iphoneos;
				SWIFT_ACTIVE_COMPILATION_CONDITIONS = "DEBUG $(inherited)";
				SWIFT_OPTIMIZATION_LEVEL = "-Onone";
			};
			name = Debug;
		};
		BE3FDE352CA28C5000B9FF81 /* Release */ = {
			isa = XCBuildConfiguration;
			buildSettings = {
				ALWAYS_SEARCH_USER_PATHS = NO;
				ASSETCATALOG_COMPILER_GENERATE_SWIFT_ASSET_SYMBOL_EXTENSIONS = YES;
				CLANG_ANALYZER_NONNULL = YES;
				CLANG_ANALYZER_NUMBER_OBJECT_CONVERSION = YES_AGGRESSIVE;
				CLANG_CXX_LANGUAGE_STANDARD = "gnu++20";
				CLANG_ENABLE_MODULES = YES;
				CLANG_ENABLE_OBJC_ARC = YES;
				CLANG_ENABLE_OBJC_WEAK = YES;
				CLANG_WARN_BLOCK_CAPTURE_AUTORELEASING = YES;
				CLANG_WARN_BOOL_CONVERSION = YES;
				CLANG_WARN_COMMA = YES;
				CLANG_WARN_CONSTANT_CONVERSION = YES;
				CLANG_WARN_DEPRECATED_OBJC_IMPLEMENTATIONS = YES;
				CLANG_WARN_DIRECT_OBJC_ISA_USAGE = YES_ERROR;
				CLANG_WARN_DOCUMENTATION_COMMENTS = YES;
				CLANG_WARN_EMPTY_BODY = YES;
				CLANG_WARN_ENUM_CONVERSION = YES;
				CLANG_WARN_INFINITE_RECURSION = YES;
				CLANG_WARN_INT_CONVERSION = YES;
				CLANG_WARN_NON_LITERAL_NULL_CONVERSION = YES;
				CLANG_WARN_OBJC_IMPLICIT_RETAIN_SELF = YES;
				CLANG_WARN_OBJC_LITERAL_CONVERSION = YES;
				CLANG_WARN_OBJC_ROOT_CLASS = YES_ERROR;
				CLANG_WARN_QUOTED_INCLUDE_IN_FRAMEWORK_HEADER = YES;
				CLANG_WARN_RANGE_LOOP_ANALYSIS = YES;
				CLANG_WARN_STRICT_PROTOTYPES = YES;
				CLANG_WARN_SUSPICIOUS_MOVE = YES;
				CLANG_WARN_UNGUARDED_AVAILABILITY = YES_AGGRESSIVE;
				CLANG_WARN_UNREACHABLE_CODE = YES;
				CLANG_WARN__DUPLICATE_METHOD_MATCH = YES;
				COPY_PHASE_STRIP = NO;
				DEBUG_INFORMATION_FORMAT = "dwarf-with-dsym";
				ENABLE_NS_ASSERTIONS = NO;
				ENABLE_STRICT_OBJC_MSGSEND = YES;
				ENABLE_USER_SCRIPT_SANDBOXING = YES;
				GCC_C_LANGUAGE_STANDARD = gnu17;
				GCC_NO_COMMON_BLOCKS = YES;
				GCC_WARN_64_TO_32_BIT_CONVERSION = YES;
				GCC_WARN_ABOUT_RETURN_TYPE = YES_ERROR;
				GCC_WARN_UNDECLARED_SELECTOR = YES;
				GCC_WARN_UNINITIALIZED_AUTOS = YES_AGGRESSIVE;
				GCC_WARN_UNUSED_FUNCTION = YES;
				GCC_WARN_UNUSED_VARIABLE = YES;
				IPHONEOS_DEPLOYMENT_TARGET = 17.5;
				LOCALIZATION_PREFERS_STRING_CATALOGS = YES;
				MTL_ENABLE_DEBUG_INFO = NO;
				MTL_FAST_MATH = YES;
				SDKROOT = iphoneos;
				SWIFT_COMPILATION_MODE = wholemodule;
				VALIDATE_PRODUCT = YES;
			};
			name = Release;
		};
		BE3FDE372CA28C5000B9FF81 /* Debug */ = {
			isa = XCBuildConfiguration;
			buildSettings = {
				ASSETCATALOG_COMPILER_APPICON_NAME = AppIcon;
				ASSETCATALOG_COMPILER_GLOBAL_ACCENT_COLOR_NAME = AccentColor;
				CODE_SIGN_STYLE = Automatic;
				CURRENT_PROJECT_VERSION = 1;
				DEVELOPMENT_ASSET_PATHS = "\"Flicker/Preview Content\"";
				ENABLE_PREVIEWS = YES;
				GENERATE_INFOPLIST_FILE = YES;
				INFOPLIST_KEY_UIApplicationSceneManifest_Generation = YES;
				INFOPLIST_KEY_UIApplicationSupportsIndirectInputEvents = YES;
				INFOPLIST_KEY_UILaunchScreen_Generation = YES;
				INFOPLIST_KEY_UISupportedInterfaceOrientations_iPad = "UIInterfaceOrientationPortrait UIInterfaceOrientationPortraitUpsideDown UIInterfaceOrientationLandscapeLeft UIInterfaceOrientationLandscapeRight";
				INFOPLIST_KEY_UISupportedInterfaceOrientations_iPhone = "UIInterfaceOrientationPortrait UIInterfaceOrientationLandscapeLeft UIInterfaceOrientationLandscapeRight";
				IPHONEOS_DEPLOYMENT_TARGET = 17.0;
				LD_RUNPATH_SEARCH_PATHS = (
					"$(inherited)",
					"@executable_path/Frameworks",
				);
				MARKETING_VERSION = 1.0;
				PRODUCT_BUNDLE_IDENTIFIER = com.app.Flicker;
				PRODUCT_NAME = "$(TARGET_NAME)";
				SWIFT_EMIT_LOC_STRINGS = YES;
				SWIFT_VERSION = 5.0;
				TARGETED_DEVICE_FAMILY = "1,2";
			};
			name = Debug;
		};
		BE3FDE382CA28C5000B9FF81 /* Release */ = {
			isa = XCBuildConfiguration;
			buildSettings = {
				ASSETCATALOG_COMPILER_APPICON_NAME = AppIcon;
				ASSETCATALOG_COMPILER_GLOBAL_ACCENT_COLOR_NAME = AccentColor;
				CODE_SIGN_STYLE = Automatic;
				CURRENT_PROJECT_VERSION = 1;
				DEVELOPMENT_ASSET_PATHS = "\"Flicker/Preview Content\"";
				ENABLE_PREVIEWS = YES;
				GENERATE_INFOPLIST_FILE = YES;
				INFOPLIST_KEY_UIApplicationSceneManifest_Generation = YES;
				INFOPLIST_KEY_UIApplicationSupportsIndirectInputEvents = YES;
				INFOPLIST_KEY_UILaunchScreen_Generation = YES;
				INFOPLIST_KEY_UISupportedInterfaceOrientations_iPad = "UIInterfaceOrientationPortrait UIInterfaceOrientationPortraitUpsideDown UIInterfaceOrientationLandscapeLeft UIInterfaceOrientationLandscapeRight";
				INFOPLIST_KEY_UISupportedInterfaceOrientations_iPhone = "UIInterfaceOrientationPortrait UIInterfaceOrientationLandscapeLeft UIInterfaceOrientationLandscapeRight";
				IPHONEOS_DEPLOYMENT_TARGET = 17.0;
				LD_RUNPATH_SEARCH_PATHS = (
					"$(inherited)",
					"@executable_path/Frameworks",
				);
				MARKETING_VERSION = 1.0;
				PRODUCT_BUNDLE_IDENTIFIER = com.app.Flicker;
				PRODUCT_NAME = "$(TARGET_NAME)";
				SWIFT_EMIT_LOC_STRINGS = YES;
				SWIFT_VERSION = 5.0;
				TARGETED_DEVICE_FAMILY = "1,2";
			};
			name = Release;
		};
		BE3FDE3A2CA28C5000B9FF81 /* Debug */ = {
			isa = XCBuildConfiguration;
			buildSettings = {
				ALWAYS_EMBED_SWIFT_STANDARD_LIBRARIES = YES;
				BUNDLE_LOADER = "$(TEST_HOST)";
				CODE_SIGN_STYLE = Automatic;
				CURRENT_PROJECT_VERSION = 1;
				GENERATE_INFOPLIST_FILE = YES;
				IPHONEOS_DEPLOYMENT_TARGET = 17.5;
				MARKETING_VERSION = 1.0;
				PRODUCT_BUNDLE_IDENTIFIER = com.app.FlickerTests;
				PRODUCT_NAME = "$(TARGET_NAME)";
				SWIFT_EMIT_LOC_STRINGS = NO;
				SWIFT_VERSION = 5.0;
				TARGETED_DEVICE_FAMILY = "1,2";
				TEST_HOST = "$(BUILT_PRODUCTS_DIR)/Flicker.app/$(BUNDLE_EXECUTABLE_FOLDER_PATH)/Flicker";
			};
			name = Debug;
		};
		BE3FDE3B2CA28C5000B9FF81 /* Release */ = {
			isa = XCBuildConfiguration;
			buildSettings = {
				ALWAYS_EMBED_SWIFT_STANDARD_LIBRARIES = YES;
				BUNDLE_LOADER = "$(TEST_HOST)";
				CODE_SIGN_STYLE = Automatic;
				CURRENT_PROJECT_VERSION = 1;
				GENERATE_INFOPLIST_FILE = YES;
				IPHONEOS_DEPLOYMENT_TARGET = 17.5;
				MARKETING_VERSION = 1.0;
				PRODUCT_BUNDLE_IDENTIFIER = com.app.FlickerTests;
				PRODUCT_NAME = "$(TARGET_NAME)";
				SWIFT_EMIT_LOC_STRINGS = NO;
				SWIFT_VERSION = 5.0;
				TARGETED_DEVICE_FAMILY = "1,2";
				TEST_HOST = "$(BUILT_PRODUCTS_DIR)/Flicker.app/$(BUNDLE_EXECUTABLE_FOLDER_PATH)/Flicker";
			};
			name = Release;
		};
		BE3FDE3D2CA28C5000B9FF81 /* Debug */ = {
			isa = XCBuildConfiguration;
			buildSettings = {
				ALWAYS_EMBED_SWIFT_STANDARD_LIBRARIES = YES;
				CODE_SIGN_STYLE = Automatic;
				CURRENT_PROJECT_VERSION = 1;
				GENERATE_INFOPLIST_FILE = YES;
				MARKETING_VERSION = 1.0;
				PRODUCT_BUNDLE_IDENTIFIER = com.app.FlickerUITests;
				PRODUCT_NAME = "$(TARGET_NAME)";
				SWIFT_EMIT_LOC_STRINGS = NO;
				SWIFT_VERSION = 5.0;
				TARGETED_DEVICE_FAMILY = "1,2";
				TEST_TARGET_NAME = Flicker;
			};
			name = Debug;
		};
		BE3FDE3E2CA28C5000B9FF81 /* Release */ = {
			isa = XCBuildConfiguration;
			buildSettings = {
				ALWAYS_EMBED_SWIFT_STANDARD_LIBRARIES = YES;
				CODE_SIGN_STYLE = Automatic;
				CURRENT_PROJECT_VERSION = 1;
				GENERATE_INFOPLIST_FILE = YES;
				MARKETING_VERSION = 1.0;
				PRODUCT_BUNDLE_IDENTIFIER = com.app.FlickerUITests;
				PRODUCT_NAME = "$(TARGET_NAME)";
				SWIFT_EMIT_LOC_STRINGS = NO;
				SWIFT_VERSION = 5.0;
				TARGETED_DEVICE_FAMILY = "1,2";
				TEST_TARGET_NAME = Flicker;
			};
			name = Release;
		};
/* End XCBuildConfiguration section */

/* Begin XCConfigurationList section */
		BE3FDE0D2CA28C4E00B9FF81 /* Build configuration list for PBXProject "Flicker" */ = {
			isa = XCConfigurationList;
			buildConfigurations = (
				BE3FDE342CA28C5000B9FF81 /* Debug */,
				BE3FDE352CA28C5000B9FF81 /* Release */,
			);
			defaultConfigurationIsVisible = 0;
			defaultConfigurationName = Release;
		};
		BE3FDE362CA28C5000B9FF81 /* Build configuration list for PBXNativeTarget "Flicker" */ = {
			isa = XCConfigurationList;
			buildConfigurations = (
				BE3FDE372CA28C5000B9FF81 /* Debug */,
				BE3FDE382CA28C5000B9FF81 /* Release */,
			);
			defaultConfigurationIsVisible = 0;
			defaultConfigurationName = Release;
		};
		BE3FDE392CA28C5000B9FF81 /* Build configuration list for PBXNativeTarget "FlickerTests" */ = {
			isa = XCConfigurationList;
			buildConfigurations = (
				BE3FDE3A2CA28C5000B9FF81 /* Debug */,
				BE3FDE3B2CA28C5000B9FF81 /* Release */,
			);
			defaultConfigurationIsVisible = 0;
			defaultConfigurationName = Release;
		};
		BE3FDE3C2CA28C5000B9FF81 /* Build configuration list for PBXNativeTarget "FlickerUITests" */ = {
			isa = XCConfigurationList;
			buildConfigurations = (
				BE3FDE3D2CA28C5000B9FF81 /* Debug */,
				BE3FDE3E2CA28C5000B9FF81 /* Release */,
			);
			defaultConfigurationIsVisible = 0;
			defaultConfigurationName = Release;
		};
/* End XCConfigurationList section */
	};
	rootObject = BE3FDE0A2CA28C4E00B9FF81 /* Project object */;
}
